
Microsoft Visual Studio Solution File, Format Version 12.00
# Visual Studio 14
VisualStudioVersion = 14.0.25123.0
MinimumVisualStudioVersion = 10.0.40219.1
Project("{FAE04EC0-301F-11D3-BF4B-00C04F79EFBC}") = "MainExecute", "MainExecute\MainExecute.csproj", "{3B845DBA-E855-4352-94A0-99FA7097FC15}"
EndProject
Project("{FAE04EC0-301F-11D3-BF4B-00C04F79EFBC}") = "CAConsole", "CAConsole\CAConsole.csproj", "{72DA4DC6-3E81-4001-A1FE-15237C78B4BA}"
EndProject
Project("{FAE04EC0-301F-11D3-BF4B-00C04F79EFBC}") = "ExecSecurity", "ExecSecurity\ExecSecurity.csproj", "{A088A301-94AA-43AE-9A7B-611EA2090617}"
EndProject
Project("{FAE04EC0-301F-11D3-BF4B-00C04F79EFBC}") = "Aisino.Framework.Startup", "Aisino.Framework.Startup\Aisino.Framework.Startup.csproj", "{490F4EE9-6925-435B-8B25-E0207A9F6801}"
	ProjectSection(ProjectDependencies) = postProject
		{A3376226-23E1-4EA1-9B17-758AB3229C71} = {A3376226-23E1-4EA1-9B17-758AB3229C71}
		{45B8F832-8E33-4207-A0F0-37F45F0CF6C7} = {45B8F832-8E33-4207-A0F0-37F45F0CF6C7}
		{1E1ED23B-B53D-4FBC-9677-CFF0E926080F} = {1E1ED23B-B53D-4FBC-9677-CFF0E926080F}
		{BDA7DC4F-AFD7-4286-B925-997570604EF1} = {BDA7DC4F-AFD7-4286-B925-997570604EF1}
		{A1D41C68-5CA4-4E3A-8B32-27C41017B8A5} = {A1D41C68-5CA4-4E3A-8B32-27C41017B8A5}
		{76BA417D-DC90-4828-9CC9-13ADEDD54D78} = {76BA417D-DC90-4828-9CC9-13ADEDD54D78}
		{DEF9B3AA-BFBC-4EAE-AAFD-EFB020D72A2F} = {DEF9B3AA-BFBC-4EAE-AAFD-EFB020D72A2F}
		{086E20B3-0BC3-41E1-8D3A-CB28D491204D} = {086E20B3-0BC3-41E1-8D3A-CB28D491204D}
		{28F427E2-DA73-4EC6-855A-FBFCE6CD9A70} = {28F427E2-DA73-4EC6-855A-FBFCE6CD9A70}
		{1666A6E3-1C18-4A12-9D2F-4C09262E1EDA} = {1666A6E3-1C18-4A12-9D2F-4C09262E1EDA}
	EndProjectSection
EndProject
Project("{FAE04EC0-301F-11D3-BF4B-00C04F79EFBC}") = "Aisino.Framework.MainForm", "Aisino.Framework.MainForm\Aisino.Framework.MainForm.csproj", "{6CA5BC40-07B1-45FC-8927-58356E838A77}"
EndProject
Project("{FAE04EC0-301F-11D3-BF4B-00C04F79EFBC}") = "Aisino.Framework.Dao", "Aisino.Framework.Dao\Aisino.Framework.Dao.csproj", "{EF96D157-73BA-410C-A2BD-698B4986FD18}"
EndProject
Project("{FAE04EC0-301F-11D3-BF4B-00C04F79EFBC}") = "Aisino.Framework.Plugin.Core", "Aisino.Framework.Plugin.Core\Aisino.Framework.Plugin.Core.csproj", "{B65BB74A-99D3-4854-8151-A6BD4D4A489A}"
EndProject
Project("{FAE04EC0-301F-11D3-BF4B-00C04F79EFBC}") = "Aisino.Framework.PDF417Code", "Aisino.Framework.PDF417Code\Aisino.Framework.PDF417Code.csproj", "{E2B6B915-4EEC-499D-AFC9-2D404804E764}"
EndProject
Project("{FAE04EC0-301F-11D3-BF4B-00C04F79EFBC}") = "Aisino.Framework.PubClient", "Aisino.Framework.PubClient\Aisino.Framework.PubClient.csproj", "{91F0A611-3CB3-44D4-84FA-58CBC8278953}"
EndProject
Project("{FAE04EC0-301F-11D3-BF4B-00C04F79EFBC}") = "Aisino.Framework.PubData", "Aisino.Framework.PubData\Aisino.Framework.PubData.csproj", "{B8E87FD3-F8F8-4B6C-9335-9AA2968C1E47}"
EndProject
Project("{FAE04EC0-301F-11D3-BF4B-00C04F79EFBC}") = "Aisino.Framework.QRCode", "Aisino.Framework.QRCode\Aisino.Framework.QRCode.csproj", "{7AF0E3F6-CBFA-4BA6-A27D-BF77F929FCA0}"
EndProject
Project("{FAE04EC0-301F-11D3-BF4B-00C04F79EFBC}") = "Aisino.Framework.SplashForm", "Aisino.Framework.SplashForm\Aisino.Framework.SplashForm.csproj", "{5D35E94D-2D02-4ABC-BC3B-2F16FAA0EC88}"
EndProject
Project("{FAE04EC0-301F-11D3-BF4B-00C04F79EFBC}") = "Aisino.Fwkp.BusinessObject", "Aisino.Fwkp.BusinessObject\Aisino.Fwkp.BusinessObject.csproj", "{75C5C3BC-CB11-4429-B042-46F1BAAB2FFF}"
EndProject
Project("{FAE04EC0-301F-11D3-BF4B-00C04F79EFBC}") = "Aisino.Fwkp.CommonLibrary", "Aisino.Fwkp.CommonLibrary\Aisino.Fwkp.CommonLibrary.csproj", "{413F30C7-87A1-4418-9234-BE436AF12264}"
EndProject
Project("{FAE04EC0-301F-11D3-BF4B-00C04F79EFBC}") = "Aisino.Fwkp.Fptk.Common", "Aisino.Fwkp.Fptk.Common\Aisino.Fwkp.Fptk.Common.csproj", "{28F427E2-DA73-4EC6-855A-FBFCE6CD9A70}"
EndProject
Project("{FAE04EC0-301F-11D3-BF4B-00C04F79EFBC}") = "Aisino.Fwkp.Print", "Aisino.Fwkp.Print\Aisino.Fwkp.Print.csproj", "{1E1ED23B-B53D-4FBC-9677-CFF0E926080F}"
EndProject
Project("{FAE04EC0-301F-11D3-BF4B-00C04F79EFBC}") = "Aisino.FTaxBase", "Aisino.FTaxBase\Aisino.FTaxBase.csproj", "{A9935674-60E2-44E1-8785-D391586D31F8}"
EndProject
Project("{FAE04EC0-301F-11D3-BF4B-00C04F79EFBC}") = "Aisino.Fwkp.Xtsz", "Aisino.Fwkp.Xtsz\Aisino.Fwkp.Xtsz.csproj", "{19F004B2-7F42-47CF-B807-57C038DC6E14}"
EndProject
Project("{2150E333-8FDC-42A3-9474-1A3956D46DE8}") = "Fwkp-Decrypt", "Fwkp-Decrypt", "{ACB0AB3F-CCFB-4D42-B6CF-9117772A318C}"
EndProject
Project("{FAE04EC0-301F-11D3-BF4B-00C04F79EFBC}") = "Aisino.Fwkp.HomePage", "Aisino.Fwkp.HomePage\Aisino.Fwkp.HomePage.csproj", "{C987DE88-6793-4A84-A325-19DBD8962E3D}"
EndProject
Project("{FAE04EC0-301F-11D3-BF4B-00C04F79EFBC}") = "Aisino.Fwkp.Fpzpz", "Aisino.Fwkp.Fpzpz\Aisino.Fwkp.Fpzpz.csproj", "{BB76B997-52E4-4E5E-B62F-DC34070AC6F7}"
EndProject
Project("{FAE04EC0-301F-11D3-BF4B-00C04F79EFBC}") = "Aisino.Fwkp.Fptk", "Aisino.Fwkp.Fptk\Aisino.Fwkp.Fptk.csproj", "{45B8F832-8E33-4207-A0F0-37F45F0CF6C7}"
EndProject
Project("{FAE04EC0-301F-11D3-BF4B-00C04F79EFBC}") = "Aisino.Fwkp.Yccb", "Aisino.Fwkp.Yccb\Aisino.Fwkp.Yccb.csproj", "{AE9DBBBF-74B6-4FBF-9F62-391102F991F5}"
EndProject
Project("{FAE04EC0-301F-11D3-BF4B-00C04F79EFBC}") = "Aisino.Fwkp.Xtgl", "Aisino.Fwkp.Xtgl\Aisino.Fwkp.Xtgl.csproj", "{C4138C9D-7E92-43AE-B47C-8B979C11AFDA}"
EndProject
Project("{FAE04EC0-301F-11D3-BF4B-00C04F79EFBC}") = "Aisino.Fwkp.Wbjk", "Aisino.Fwkp.Wbjk\Aisino.Fwkp.Wbjk.csproj", "{531295EE-04A0-4C49-A3F6-D097549BB567}"
EndProject
Project("{FAE04EC0-301F-11D3-BF4B-00C04F79EFBC}") = "Aisino.Fwkp.Sjbf", "Aisino.Fwkp.Sjbf\Aisino.Fwkp.Sjbf.csproj", "{BA7B847C-A8E6-4B7F-9499-051E3B75AD7F}"
EndProject
Project("{FAE04EC0-301F-11D3-BF4B-00C04F79EFBC}") = "Aisino.Fwkp.Resources", "Aisino.Fwkp.Resources\Aisino.Fwkp.Resources.csproj", "{C8E835F2-173C-4739-9010-2CE731276730}"
EndProject
Project("{FAE04EC0-301F-11D3-BF4B-00C04F79EFBC}") = "Aisino.Fwkp.Publish", "Aisino.Fwkp.Publish\Aisino.Fwkp.Publish.csproj", "{D8CA68F5-F9AC-45AA-8E55-F694FB4A9E5D}"
EndProject
Project("{FAE04EC0-301F-11D3-BF4B-00C04F79EFBC}") = "Aisino.Fwkp.HzfpHy", "Aisino.Fwkp.HzfpHy\Aisino.Fwkp.HzfpHy.csproj", "{A1D41C68-5CA4-4E3A-8B32-27C41017B8A5}"
EndProject
Project("{FAE04EC0-301F-11D3-BF4B-00C04F79EFBC}") = "Aisino.Fwkp.Hzfp", "Aisino.Fwkp.Hzfp\Aisino.Fwkp.Hzfp.csproj", "{DEF9B3AA-BFBC-4EAE-AAFD-EFB020D72A2F}"
EndProject
Project("{FAE04EC0-301F-11D3-BF4B-00C04F79EFBC}") = "Aisino.Fwkp.Bmgl", "Aisino.Fwkp.Bmgl\Aisino.Fwkp.Bmgl.csproj", "{1666A6E3-1C18-4A12-9D2F-4C09262E1EDA}"
EndProject
Project("{FAE04EC0-301F-11D3-BF4B-00C04F79EFBC}") = "Aisino.Fwkp.DataMigrationTool", "Aisino.Fwkp.DataMigrationTool\Aisino.Fwkp.DataMigrationTool.csproj", "{688820AE-67C1-4843-BA73-61E6562B22C8}"
EndProject
Project("{FAE04EC0-301F-11D3-BF4B-00C04F79EFBC}") = "Aisino.Fwkp.Bsgl", "Aisino.Fwkp.Bsgl\Aisino.Fwkp.Bsgl.csproj", "{947CEF5A-5D81-477F-AC76-3F573FAED157}"
EndProject
Project("{FAE04EC0-301F-11D3-BF4B-00C04F79EFBC}") = "Aisino.Fwkp.Fpkj", "Aisino.Fwkp.Fpkj\Aisino.Fwkp.Fpkj.csproj", "{BDA7DC4F-AFD7-4286-B925-997570604EF1}"
EndProject
Project("{FAE04EC0-301F-11D3-BF4B-00C04F79EFBC}") = "Aisino.Fwkp.Fplygl", "Aisino.Fwkp.Fplygl\Aisino.Fwkp.Fplygl.csproj", "{3501974D-4126-40F2-AED3-54C99973ED63}"
EndProject
Project("{FAE04EC0-301F-11D3-BF4B-00C04F79EFBC}") = "BSDC", "BSDC\BSDC.csproj", "{7F10B8C3-E670-46A7-A229-2AC4D92E1E66}"
EndProject
Project("{2150E333-8FDC-42A3-9474-1A3956D46DE8}") = "Automation", "Automation", "{28E343F7-3C80-4411-88E5-BC32205BAEEA}"
EndProject
Project("{FAE04EC0-301F-11D3-BF4B-00C04F79EFBC}") = "InvAutomation", "InvAutomation\InvAutomation.csproj", "{9AF71133-F27D-47C1-A035-F880E3EF238C}"
EndProject
Project("{FAE04EC0-301F-11D3-BF4B-00C04F79EFBC}") = "RegMakeFile", "RegMakeFile\RegMakeFile.csproj", "{08EB39A3-C3EC-48DA-824B-7E9E8F078D17}"
EndProject
Project("{FAE04EC0-301F-11D3-BF4B-00C04F79EFBC}") = "Update.Model", "Update.Model\Update.Model.csproj", "{54C99E6F-E1BF-40BD-9F89-81541E951C9D}"
EndProject
Project("{FAE04EC0-301F-11D3-BF4B-00C04F79EFBC}") = "Update.Tool", "Update.Tool\Update.Tool.csproj", "{DC63409A-A066-4375-B9AC-BE18F39A194A}"
EndProject
Project("{2150E333-8FDC-42A3-9474-1A3956D46DE8}") = "InternetWare", "InternetWare", "{0D56679F-A27B-438C-9656-49BF62D090A4}"
EndProject
Project("{FAE04EC0-301F-11D3-BF4B-00C04F79EFBC}") = "IntetnetWare.Lodging", "IntetnetWare.Lodging\IntetnetWare.Lodging.csproj", "{086E20B3-0BC3-41E1-8D3A-CB28D491204D}"
EndProject
Project("{FAE04EC0-301F-11D3-BF4B-00C04F79EFBC}") = "InternetWare.Util", "InternetWare.Util\InternetWare.Util.csproj", "{A3376226-23E1-4EA1-9B17-758AB3229C71}"
EndProject
Project("{FAE04EC0-301F-11D3-BF4B-00C04F79EFBC}") = "InternetWare.Lodging.Data", "InternetWare.Lodging.Data\InternetWare.Lodging.Data.csproj", "{76BA417D-DC90-4828-9CC9-13ADEDD54D78}"
EndProject
Global
	GlobalSection(SolutionConfigurationPlatforms) = preSolution
		Debug|Any CPU = Debug|Any CPU
		Debug|x86 = Debug|x86
		Release|Any CPU = Release|Any CPU
		Release|x86 = Release|x86
	EndGlobalSection
	GlobalSection(ProjectConfigurationPlatforms) = postSolution
		{3B845DBA-E855-4352-94A0-99FA7097FC15}.Debug|Any CPU.ActiveCfg = Debug|x86
		{3B845DBA-E855-4352-94A0-99FA7097FC15}.Debug|x86.ActiveCfg = Debug|x86
		{3B845DBA-E855-4352-94A0-99FA7097FC15}.Debug|x86.Build.0 = Debug|x86
		{3B845DBA-E855-4352-94A0-99FA7097FC15}.Release|Any CPU.ActiveCfg = Release|x86
		{3B845DBA-E855-4352-94A0-99FA7097FC15}.Release|x86.ActiveCfg = Release|x86
		{3B845DBA-E855-4352-94A0-99FA7097FC15}.Release|x86.Build.0 = Release|x86
		{72DA4DC6-3E81-4001-A1FE-15237C78B4BA}.Debug|Any CPU.ActiveCfg = Debug|x86
		{72DA4DC6-3E81-4001-A1FE-15237C78B4BA}.Debug|x86.ActiveCfg = Debug|x86
		{72DA4DC6-3E81-4001-A1FE-15237C78B4BA}.Debug|x86.Build.0 = Debug|x86
		{72DA4DC6-3E81-4001-A1FE-15237C78B4BA}.Release|Any CPU.ActiveCfg = Release|x86
		{72DA4DC6-3E81-4001-A1FE-15237C78B4BA}.Release|x86.ActiveCfg = Release|x86
		{72DA4DC6-3E81-4001-A1FE-15237C78B4BA}.Release|x86.Build.0 = Release|x86
		{A088A301-94AA-43AE-9A7B-611EA2090617}.Debug|Any CPU.ActiveCfg = Debug|x86
		{A088A301-94AA-43AE-9A7B-611EA2090617}.Debug|x86.ActiveCfg = Debug|x86
		{A088A301-94AA-43AE-9A7B-611EA2090617}.Debug|x86.Build.0 = Debug|x86
		{A088A301-94AA-43AE-9A7B-611EA2090617}.Release|Any CPU.ActiveCfg = Release|x86
		{A088A301-94AA-43AE-9A7B-611EA2090617}.Release|x86.ActiveCfg = Release|x86
		{A088A301-94AA-43AE-9A7B-611EA2090617}.Release|x86.Build.0 = Release|x86
		{490F4EE9-6925-435B-8B25-E0207A9F6801}.Debug|Any CPU.ActiveCfg = Debug|x86
		{490F4EE9-6925-435B-8B25-E0207A9F6801}.Debug|x86.ActiveCfg = Debug|x86
		{490F4EE9-6925-435B-8B25-E0207A9F6801}.Debug|x86.Build.0 = Debug|x86
		{490F4EE9-6925-435B-8B25-E0207A9F6801}.Release|Any CPU.ActiveCfg = Release|x86
		{490F4EE9-6925-435B-8B25-E0207A9F6801}.Release|x86.ActiveCfg = Release|x86
		{490F4EE9-6925-435B-8B25-E0207A9F6801}.Release|x86.Build.0 = Release|x86
		{6CA5BC40-07B1-45FC-8927-58356E838A77}.Debug|Any CPU.ActiveCfg = Debug|x86
		{6CA5BC40-07B1-45FC-8927-58356E838A77}.Debug|x86.ActiveCfg = Debug|x86
		{6CA5BC40-07B1-45FC-8927-58356E838A77}.Debug|x86.Build.0 = Debug|x86
		{6CA5BC40-07B1-45FC-8927-58356E838A77}.Release|Any CPU.ActiveCfg = Release|x86
		{6CA5BC40-07B1-45FC-8927-58356E838A77}.Release|x86.ActiveCfg = Release|x86
		{6CA5BC40-07B1-45FC-8927-58356E838A77}.Release|x86.Build.0 = Release|x86
		{EF96D157-73BA-410C-A2BD-698B4986FD18}.Debug|Any CPU.ActiveCfg = Debug|x86
		{EF96D157-73BA-410C-A2BD-698B4986FD18}.Debug|x86.ActiveCfg = Debug|x86
		{EF96D157-73BA-410C-A2BD-698B4986FD18}.Debug|x86.Build.0 = Debug|x86
		{EF96D157-73BA-410C-A2BD-698B4986FD18}.Release|Any CPU.ActiveCfg = Release|x86
		{EF96D157-73BA-410C-A2BD-698B4986FD18}.Release|x86.ActiveCfg = Release|x86
		{EF96D157-73BA-410C-A2BD-698B4986FD18}.Release|x86.Build.0 = Release|x86
		{B65BB74A-99D3-4854-8151-A6BD4D4A489A}.Debug|Any CPU.ActiveCfg = Debug|x86
		{B65BB74A-99D3-4854-8151-A6BD4D4A489A}.Debug|x86.ActiveCfg = Debug|x86
		{B65BB74A-99D3-4854-8151-A6BD4D4A489A}.Debug|x86.Build.0 = Debug|x86
		{B65BB74A-99D3-4854-8151-A6BD4D4A489A}.Release|Any CPU.ActiveCfg = Release|x86
		{B65BB74A-99D3-4854-8151-A6BD4D4A489A}.Release|x86.ActiveCfg = Release|x86
		{B65BB74A-99D3-4854-8151-A6BD4D4A489A}.Release|x86.Build.0 = Release|x86
		{E2B6B915-4EEC-499D-AFC9-2D404804E764}.Debug|Any CPU.ActiveCfg = Debug|x86
		{E2B6B915-4EEC-499D-AFC9-2D404804E764}.Debug|x86.ActiveCfg = Debug|x86
		{E2B6B915-4EEC-499D-AFC9-2D404804E764}.Debug|x86.Build.0 = Debug|x86
		{E2B6B915-4EEC-499D-AFC9-2D404804E764}.Release|Any CPU.ActiveCfg = Release|x86
		{E2B6B915-4EEC-499D-AFC9-2D404804E764}.Release|x86.ActiveCfg = Release|x86
		{E2B6B915-4EEC-499D-AFC9-2D404804E764}.Release|x86.Build.0 = Release|x86
		{91F0A611-3CB3-44D4-84FA-58CBC8278953}.Debug|Any CPU.ActiveCfg = Debug|x86
		{91F0A611-3CB3-44D4-84FA-58CBC8278953}.Debug|x86.ActiveCfg = Debug|x86
		{91F0A611-3CB3-44D4-84FA-58CBC8278953}.Debug|x86.Build.0 = Debug|x86
		{91F0A611-3CB3-44D4-84FA-58CBC8278953}.Release|Any CPU.ActiveCfg = Release|x86
		{91F0A611-3CB3-44D4-84FA-58CBC8278953}.Release|x86.ActiveCfg = Release|x86
		{91F0A611-3CB3-44D4-84FA-58CBC8278953}.Release|x86.Build.0 = Release|x86
		{B8E87FD3-F8F8-4B6C-9335-9AA2968C1E47}.Debug|Any CPU.ActiveCfg = Debug|x86
		{B8E87FD3-F8F8-4B6C-9335-9AA2968C1E47}.Debug|x86.ActiveCfg = Debug|x86
		{B8E87FD3-F8F8-4B6C-9335-9AA2968C1E47}.Debug|x86.Build.0 = Debug|x86
		{B8E87FD3-F8F8-4B6C-9335-9AA2968C1E47}.Release|Any CPU.ActiveCfg = Release|x86
		{B8E87FD3-F8F8-4B6C-9335-9AA2968C1E47}.Release|x86.ActiveCfg = Release|x86
		{B8E87FD3-F8F8-4B6C-9335-9AA2968C1E47}.Release|x86.Build.0 = Release|x86
		{7AF0E3F6-CBFA-4BA6-A27D-BF77F929FCA0}.Debug|Any CPU.ActiveCfg = Debug|x86
		{7AF0E3F6-CBFA-4BA6-A27D-BF77F929FCA0}.Debug|x86.ActiveCfg = Debug|x86
		{7AF0E3F6-CBFA-4BA6-A27D-BF77F929FCA0}.Debug|x86.Build.0 = Debug|x86
		{7AF0E3F6-CBFA-4BA6-A27D-BF77F929FCA0}.Release|Any CPU.ActiveCfg = Release|x86
		{7AF0E3F6-CBFA-4BA6-A27D-BF77F929FCA0}.Release|x86.ActiveCfg = Release|x86
		{7AF0E3F6-CBFA-4BA6-A27D-BF77F929FCA0}.Release|x86.Build.0 = Release|x86
		{5D35E94D-2D02-4ABC-BC3B-2F16FAA0EC88}.Debug|Any CPU.ActiveCfg = Debug|x86
		{5D35E94D-2D02-4ABC-BC3B-2F16FAA0EC88}.Debug|x86.ActiveCfg = Debug|x86
		{5D35E94D-2D02-4ABC-BC3B-2F16FAA0EC88}.Debug|x86.Build.0 = Debug|x86
		{5D35E94D-2D02-4ABC-BC3B-2F16FAA0EC88}.Release|Any CPU.ActiveCfg = Release|x86
		{5D35E94D-2D02-4ABC-BC3B-2F16FAA0EC88}.Release|x86.ActiveCfg = Release|x86
		{5D35E94D-2D02-4ABC-BC3B-2F16FAA0EC88}.Release|x86.Build.0 = Release|x86
		{75C5C3BC-CB11-4429-B042-46F1BAAB2FFF}.Debug|Any CPU.ActiveCfg = Debug|x86
		{75C5C3BC-CB11-4429-B042-46F1BAAB2FFF}.Debug|x86.ActiveCfg = Debug|x86
		{75C5C3BC-CB11-4429-B042-46F1BAAB2FFF}.Debug|x86.Build.0 = Debug|x86
		{75C5C3BC-CB11-4429-B042-46F1BAAB2FFF}.Release|Any CPU.ActiveCfg = Release|x86
		{75C5C3BC-CB11-4429-B042-46F1BAAB2FFF}.Release|x86.ActiveCfg = Release|x86
		{75C5C3BC-CB11-4429-B042-46F1BAAB2FFF}.Release|x86.Build.0 = Release|x86
		{413F30C7-87A1-4418-9234-BE436AF12264}.Debug|Any CPU.ActiveCfg = Debug|x86
		{413F30C7-87A1-4418-9234-BE436AF12264}.Debug|x86.ActiveCfg = Debug|x86
		{413F30C7-87A1-4418-9234-BE436AF12264}.Debug|x86.Build.0 = Debug|x86
		{413F30C7-87A1-4418-9234-BE436AF12264}.Release|Any CPU.ActiveCfg = Release|x86
		{413F30C7-87A1-4418-9234-BE436AF12264}.Release|x86.ActiveCfg = Release|x86
		{413F30C7-87A1-4418-9234-BE436AF12264}.Release|x86.Build.0 = Release|x86
		{28F427E2-DA73-4EC6-855A-FBFCE6CD9A70}.Debug|Any CPU.ActiveCfg = Debug|x86
		{28F427E2-DA73-4EC6-855A-FBFCE6CD9A70}.Debug|x86.ActiveCfg = Debug|x86
		{28F427E2-DA73-4EC6-855A-FBFCE6CD9A70}.Debug|x86.Build.0 = Debug|x86
		{28F427E2-DA73-4EC6-855A-FBFCE6CD9A70}.Release|Any CPU.ActiveCfg = Release|x86
		{28F427E2-DA73-4EC6-855A-FBFCE6CD9A70}.Release|x86.ActiveCfg = Release|x86
		{28F427E2-DA73-4EC6-855A-FBFCE6CD9A70}.Release|x86.Build.0 = Release|x86
		{1E1ED23B-B53D-4FBC-9677-CFF0E926080F}.Debug|Any CPU.ActiveCfg = Debug|x86
		{1E1ED23B-B53D-4FBC-9677-CFF0E926080F}.Debug|x86.ActiveCfg = Debug|x86
		{1E1ED23B-B53D-4FBC-9677-CFF0E926080F}.Debug|x86.Build.0 = Debug|x86
		{1E1ED23B-B53D-4FBC-9677-CFF0E926080F}.Release|Any CPU.ActiveCfg = Release|x86
		{1E1ED23B-B53D-4FBC-9677-CFF0E926080F}.Release|x86.ActiveCfg = Release|x86
		{1E1ED23B-B53D-4FBC-9677-CFF0E926080F}.Release|x86.Build.0 = Release|x86
		{A9935674-60E2-44E1-8785-D391586D31F8}.Debug|Any CPU.ActiveCfg = Debug|x86
		{A9935674-60E2-44E1-8785-D391586D31F8}.Debug|x86.ActiveCfg = Debug|x86
		{A9935674-60E2-44E1-8785-D391586D31F8}.Debug|x86.Build.0 = Debug|x86
		{A9935674-60E2-44E1-8785-D391586D31F8}.Release|Any CPU.ActiveCfg = Release|x86
		{A9935674-60E2-44E1-8785-D391586D31F8}.Release|x86.ActiveCfg = Release|x86
		{A9935674-60E2-44E1-8785-D391586D31F8}.Release|x86.Build.0 = Release|x86
		{19F004B2-7F42-47CF-B807-57C038DC6E14}.Debug|Any CPU.ActiveCfg = Debug|x86
		{19F004B2-7F42-47CF-B807-57C038DC6E14}.Debug|x86.ActiveCfg = Debug|x86
		{19F004B2-7F42-47CF-B807-57C038DC6E14}.Debug|x86.Build.0 = Debug|x86
		{19F004B2-7F42-47CF-B807-57C038DC6E14}.Release|Any CPU.ActiveCfg = Release|x86
		{19F004B2-7F42-47CF-B807-57C038DC6E14}.Release|x86.ActiveCfg = Release|x86
		{19F004B2-7F42-47CF-B807-57C038DC6E14}.Release|x86.Build.0 = Release|x86
		{C987DE88-6793-4A84-A325-19DBD8962E3D}.Debug|Any CPU.ActiveCfg = Debug|x86
		{C987DE88-6793-4A84-A325-19DBD8962E3D}.Debug|x86.ActiveCfg = Debug|x86
		{C987DE88-6793-4A84-A325-19DBD8962E3D}.Debug|x86.Build.0 = Debug|x86
		{C987DE88-6793-4A84-A325-19DBD8962E3D}.Release|Any CPU.ActiveCfg = Release|x86
		{C987DE88-6793-4A84-A325-19DBD8962E3D}.Release|x86.ActiveCfg = Release|x86
		{C987DE88-6793-4A84-A325-19DBD8962E3D}.Release|x86.Build.0 = Release|x86
		{BB76B997-52E4-4E5E-B62F-DC34070AC6F7}.Debug|Any CPU.ActiveCfg = Debug|x86
		{BB76B997-52E4-4E5E-B62F-DC34070AC6F7}.Debug|x86.ActiveCfg = Debug|x86
		{BB76B997-52E4-4E5E-B62F-DC34070AC6F7}.Debug|x86.Build.0 = Debug|x86
		{BB76B997-52E4-4E5E-B62F-DC34070AC6F7}.Release|Any CPU.ActiveCfg = Release|x86
		{BB76B997-52E4-4E5E-B62F-DC34070AC6F7}.Release|x86.ActiveCfg = Release|x86
		{BB76B997-52E4-4E5E-B62F-DC34070AC6F7}.Release|x86.Build.0 = Release|x86
		{45B8F832-8E33-4207-A0F0-37F45F0CF6C7}.Debug|Any CPU.ActiveCfg = Debug|x86
		{45B8F832-8E33-4207-A0F0-37F45F0CF6C7}.Debug|x86.ActiveCfg = Debug|x86
		{45B8F832-8E33-4207-A0F0-37F45F0CF6C7}.Debug|x86.Build.0 = Debug|x86
		{45B8F832-8E33-4207-A0F0-37F45F0CF6C7}.Release|Any CPU.ActiveCfg = Release|x86
		{45B8F832-8E33-4207-A0F0-37F45F0CF6C7}.Release|x86.ActiveCfg = Release|x86
		{45B8F832-8E33-4207-A0F0-37F45F0CF6C7}.Release|x86.Build.0 = Release|x86
		{AE9DBBBF-74B6-4FBF-9F62-391102F991F5}.Debug|Any CPU.ActiveCfg = Debug|x86
		{AE9DBBBF-74B6-4FBF-9F62-391102F991F5}.Debug|x86.ActiveCfg = Debug|x86
		{AE9DBBBF-74B6-4FBF-9F62-391102F991F5}.Debug|x86.Build.0 = Debug|x86
		{AE9DBBBF-74B6-4FBF-9F62-391102F991F5}.Release|Any CPU.ActiveCfg = Release|x86
		{AE9DBBBF-74B6-4FBF-9F62-391102F991F5}.Release|x86.ActiveCfg = Release|x86
		{AE9DBBBF-74B6-4FBF-9F62-391102F991F5}.Release|x86.Build.0 = Release|x86
		{C4138C9D-7E92-43AE-B47C-8B979C11AFDA}.Debug|Any CPU.ActiveCfg = Debug|x86
		{C4138C9D-7E92-43AE-B47C-8B979C11AFDA}.Debug|x86.ActiveCfg = Debug|x86
		{C4138C9D-7E92-43AE-B47C-8B979C11AFDA}.Debug|x86.Build.0 = Debug|x86
		{C4138C9D-7E92-43AE-B47C-8B979C11AFDA}.Release|Any CPU.ActiveCfg = Release|x86
		{C4138C9D-7E92-43AE-B47C-8B979C11AFDA}.Release|x86.ActiveCfg = Release|x86
		{C4138C9D-7E92-43AE-B47C-8B979C11AFDA}.Release|x86.Build.0 = Release|x86
		{531295EE-04A0-4C49-A3F6-D097549BB567}.Debug|Any CPU.ActiveCfg = Debug|x86
		{531295EE-04A0-4C49-A3F6-D097549BB567}.Debug|x86.ActiveCfg = Debug|x86
		{531295EE-04A0-4C49-A3F6-D097549BB567}.Debug|x86.Build.0 = Debug|x86
		{531295EE-04A0-4C49-A3F6-D097549BB567}.Release|Any CPU.ActiveCfg = Release|x86
		{531295EE-04A0-4C49-A3F6-D097549BB567}.Release|x86.ActiveCfg = Release|x86
		{531295EE-04A0-4C49-A3F6-D097549BB567}.Release|x86.Build.0 = Release|x86
		{BA7B847C-A8E6-4B7F-9499-051E3B75AD7F}.Debug|Any CPU.ActiveCfg = Debug|x86
		{BA7B847C-A8E6-4B7F-9499-051E3B75AD7F}.Debug|x86.ActiveCfg = Debug|x86
		{BA7B847C-A8E6-4B7F-9499-051E3B75AD7F}.Debug|x86.Build.0 = Debug|x86
		{BA7B847C-A8E6-4B7F-9499-051E3B75AD7F}.Release|Any CPU.ActiveCfg = Release|x86
		{BA7B847C-A8E6-4B7F-9499-051E3B75AD7F}.Release|x86.ActiveCfg = Release|x86
		{BA7B847C-A8E6-4B7F-9499-051E3B75AD7F}.Release|x86.Build.0 = Release|x86
		{C8E835F2-173C-4739-9010-2CE731276730}.Debug|Any CPU.ActiveCfg = Debug|x86
		{C8E835F2-173C-4739-9010-2CE731276730}.Debug|x86.ActiveCfg = Debug|x86
		{C8E835F2-173C-4739-9010-2CE731276730}.Debug|x86.Build.0 = Debug|x86
		{C8E835F2-173C-4739-9010-2CE731276730}.Release|Any CPU.ActiveCfg = Release|x86
		{C8E835F2-173C-4739-9010-2CE731276730}.Release|x86.ActiveCfg = Release|x86
		{C8E835F2-173C-4739-9010-2CE731276730}.Release|x86.Build.0 = Release|x86
		{D8CA68F5-F9AC-45AA-8E55-F694FB4A9E5D}.Debug|Any CPU.ActiveCfg = Debug|x86
		{D8CA68F5-F9AC-45AA-8E55-F694FB4A9E5D}.Debug|x86.ActiveCfg = Debug|x86
		{D8CA68F5-F9AC-45AA-8E55-F694FB4A9E5D}.Debug|x86.Build.0 = Debug|x86
		{D8CA68F5-F9AC-45AA-8E55-F694FB4A9E5D}.Release|Any CPU.ActiveCfg = Release|x86
		{D8CA68F5-F9AC-45AA-8E55-F694FB4A9E5D}.Release|x86.ActiveCfg = Release|x86
		{D8CA68F5-F9AC-45AA-8E55-F694FB4A9E5D}.Release|x86.Build.0 = Release|x86
		{A1D41C68-5CA4-4E3A-8B32-27C41017B8A5}.Debug|Any CPU.ActiveCfg = Debug|x86
		{A1D41C68-5CA4-4E3A-8B32-27C41017B8A5}.Debug|x86.ActiveCfg = Debug|x86
		{A1D41C68-5CA4-4E3A-8B32-27C41017B8A5}.Debug|x86.Build.0 = Debug|x86
		{A1D41C68-5CA4-4E3A-8B32-27C41017B8A5}.Release|Any CPU.ActiveCfg = Release|x86
		{A1D41C68-5CA4-4E3A-8B32-27C41017B8A5}.Release|x86.ActiveCfg = Release|x86
		{A1D41C68-5CA4-4E3A-8B32-27C41017B8A5}.Release|x86.Build.0 = Release|x86
		{DEF9B3AA-BFBC-4EAE-AAFD-EFB020D72A2F}.Debug|Any CPU.ActiveCfg = Debug|x86
		{DEF9B3AA-BFBC-4EAE-AAFD-EFB020D72A2F}.Debug|x86.ActiveCfg = Debug|x86
		{DEF9B3AA-BFBC-4EAE-AAFD-EFB020D72A2F}.Debug|x86.Build.0 = Debug|x86
		{DEF9B3AA-BFBC-4EAE-AAFD-EFB020D72A2F}.Release|Any CPU.ActiveCfg = Release|x86
		{DEF9B3AA-BFBC-4EAE-AAFD-EFB020D72A2F}.Release|x86.ActiveCfg = Release|x86
		{DEF9B3AA-BFBC-4EAE-AAFD-EFB020D72A2F}.Release|x86.Build.0 = Release|x86
		{1666A6E3-1C18-4A12-9D2F-4C09262E1EDA}.Debug|Any CPU.ActiveCfg = Debug|x86
		{1666A6E3-1C18-4A12-9D2F-4C09262E1EDA}.Debug|x86.ActiveCfg = Debug|x86
		{1666A6E3-1C18-4A12-9D2F-4C09262E1EDA}.Debug|x86.Build.0 = Debug|x86
		{1666A6E3-1C18-4A12-9D2F-4C09262E1EDA}.Release|Any CPU.ActiveCfg = Release|x86
		{1666A6E3-1C18-4A12-9D2F-4C09262E1EDA}.Release|x86.ActiveCfg = Release|x86
		{1666A6E3-1C18-4A12-9D2F-4C09262E1EDA}.Release|x86.Build.0 = Release|x86
		{688820AE-67C1-4843-BA73-61E6562B22C8}.Debug|Any CPU.ActiveCfg = Debug|x86
		{688820AE-67C1-4843-BA73-61E6562B22C8}.Debug|x86.ActiveCfg = Debug|x86
		{688820AE-67C1-4843-BA73-61E6562B22C8}.Debug|x86.Build.0 = Debug|x86
		{688820AE-67C1-4843-BA73-61E6562B22C8}.Release|Any CPU.ActiveCfg = Release|x86
		{688820AE-67C1-4843-BA73-61E6562B22C8}.Release|x86.ActiveCfg = Release|x86
		{688820AE-67C1-4843-BA73-61E6562B22C8}.Release|x86.Build.0 = Release|x86
		{947CEF5A-5D81-477F-AC76-3F573FAED157}.Debug|Any CPU.ActiveCfg = Debug|x86
		{947CEF5A-5D81-477F-AC76-3F573FAED157}.Debug|x86.ActiveCfg = Debug|x86
		{947CEF5A-5D81-477F-AC76-3F573FAED157}.Debug|x86.Build.0 = Debug|x86
		{947CEF5A-5D81-477F-AC76-3F573FAED157}.Release|Any CPU.ActiveCfg = Release|x86
		{947CEF5A-5D81-477F-AC76-3F573FAED157}.Release|x86.ActiveCfg = Release|x86
		{947CEF5A-5D81-477F-AC76-3F573FAED157}.Release|x86.Build.0 = Release|x86
		{BDA7DC4F-AFD7-4286-B925-997570604EF1}.Debug|Any CPU.ActiveCfg = Debug|x86
		{BDA7DC4F-AFD7-4286-B925-997570604EF1}.Debug|x86.ActiveCfg = Debug|x86
		{BDA7DC4F-AFD7-4286-B925-997570604EF1}.Debug|x86.Build.0 = Debug|x86
		{BDA7DC4F-AFD7-4286-B925-997570604EF1}.Release|Any CPU.ActiveCfg = Release|x86
		{BDA7DC4F-AFD7-4286-B925-997570604EF1}.Release|x86.ActiveCfg = Release|x86
		{BDA7DC4F-AFD7-4286-B925-997570604EF1}.Release|x86.Build.0 = Release|x86
		{3501974D-4126-40F2-AED3-54C99973ED63}.Debug|Any CPU.ActiveCfg = Debug|x86
		{3501974D-4126-40F2-AED3-54C99973ED63}.Debug|x86.ActiveCfg = Debug|x86
		{3501974D-4126-40F2-AED3-54C99973ED63}.Debug|x86.Build.0 = Debug|x86
		{3501974D-4126-40F2-AED3-54C99973ED63}.Release|Any CPU.ActiveCfg = Release|x86
		{3501974D-4126-40F2-AED3-54C99973ED63}.Release|x86.ActiveCfg = Release|x86
		{3501974D-4126-40F2-AED3-54C99973ED63}.Release|x86.Build.0 = Release|x86
		{7F10B8C3-E670-46A7-A229-2AC4D92E1E66}.Debug|Any CPU.ActiveCfg = Debug|x86
		{7F10B8C3-E670-46A7-A229-2AC4D92E1E66}.Debug|x86.ActiveCfg = Debug|x86
		{7F10B8C3-E670-46A7-A229-2AC4D92E1E66}.Debug|x86.Build.0 = Debug|x86
		{7F10B8C3-E670-46A7-A229-2AC4D92E1E66}.Release|Any CPU.ActiveCfg = Release|x86
		{7F10B8C3-E670-46A7-A229-2AC4D92E1E66}.Release|x86.ActiveCfg = Release|x86
		{7F10B8C3-E670-46A7-A229-2AC4D92E1E66}.Release|x86.Build.0 = Release|x86
		{9AF71133-F27D-47C1-A035-F880E3EF238C}.Debug|Any CPU.ActiveCfg = Debug|x86
		{9AF71133-F27D-47C1-A035-F880E3EF238C}.Debug|x86.ActiveCfg = Debug|x86
		{9AF71133-F27D-47C1-A035-F880E3EF238C}.Debug|x86.Build.0 = Debug|x86
		{9AF71133-F27D-47C1-A035-F880E3EF238C}.Release|Any CPU.ActiveCfg = Release|x86
		{9AF71133-F27D-47C1-A035-F880E3EF238C}.Release|x86.ActiveCfg = Release|x86
		{9AF71133-F27D-47C1-A035-F880E3EF238C}.Release|x86.Build.0 = Release|x86
		{08EB39A3-C3EC-48DA-824B-7E9E8F078D17}.Debug|Any CPU.ActiveCfg = Debug|x86
		{08EB39A3-C3EC-48DA-824B-7E9E8F078D17}.Debug|x86.ActiveCfg = Debug|x86
		{08EB39A3-C3EC-48DA-824B-7E9E8F078D17}.Debug|x86.Build.0 = Debug|x86
		{08EB39A3-C3EC-48DA-824B-7E9E8F078D17}.Release|Any CPU.ActiveCfg = Release|x86
		{08EB39A3-C3EC-48DA-824B-7E9E8F078D17}.Release|x86.ActiveCfg = Release|x86
		{08EB39A3-C3EC-48DA-824B-7E9E8F078D17}.Release|x86.Build.0 = Release|x86
		{54C99E6F-E1BF-40BD-9F89-81541E951C9D}.Debug|Any CPU.ActiveCfg = Debug|x86
		{54C99E6F-E1BF-40BD-9F89-81541E951C9D}.Debug|x86.ActiveCfg = Debug|x86
		{54C99E6F-E1BF-40BD-9F89-81541E951C9D}.Debug|x86.Build.0 = Debug|x86
		{54C99E6F-E1BF-40BD-9F89-81541E951C9D}.Release|Any CPU.ActiveCfg = Release|x86
		{54C99E6F-E1BF-40BD-9F89-81541E951C9D}.Release|x86.ActiveCfg = Release|x86
		{54C99E6F-E1BF-40BD-9F89-81541E951C9D}.Release|x86.Build.0 = Release|x86
		{DC63409A-A066-4375-B9AC-BE18F39A194A}.Debug|Any CPU.ActiveCfg = Debug|x86
		{DC63409A-A066-4375-B9AC-BE18F39A194A}.Debug|x86.ActiveCfg = Debug|x86
		{DC63409A-A066-4375-B9AC-BE18F39A194A}.Debug|x86.Build.0 = Debug|x86
		{DC63409A-A066-4375-B9AC-BE18F39A194A}.Release|Any CPU.ActiveCfg = Release|x86
		{DC63409A-A066-4375-B9AC-BE18F39A194A}.Release|x86.ActiveCfg = Release|x86
		{DC63409A-A066-4375-B9AC-BE18F39A194A}.Release|x86.Build.0 = Release|x86
		{086E20B3-0BC3-41E1-8D3A-CB28D491204D}.Debug|Any CPU.ActiveCfg = Debug|Any CPU
		{086E20B3-0BC3-41E1-8D3A-CB28D491204D}.Debug|Any CPU.Build.0 = Debug|Any CPU
		{086E20B3-0BC3-41E1-8D3A-CB28D491204D}.Debug|x86.ActiveCfg = Debug|Any CPU
		{086E20B3-0BC3-41E1-8D3A-CB28D491204D}.Debug|x86.Build.0 = Debug|Any CPU
		{086E20B3-0BC3-41E1-8D3A-CB28D491204D}.Release|Any CPU.ActiveCfg = Release|Any CPU
		{086E20B3-0BC3-41E1-8D3A-CB28D491204D}.Release|Any CPU.Build.0 = Release|Any CPU
		{086E20B3-0BC3-41E1-8D3A-CB28D491204D}.Release|x86.ActiveCfg = Release|Any CPU
		{086E20B3-0BC3-41E1-8D3A-CB28D491204D}.Release|x86.Build.0 = Release|Any CPU
		{A3376226-23E1-4EA1-9B17-758AB3229C71}.Debug|Any CPU.ActiveCfg = Debug|Any CPU
		{A3376226-23E1-4EA1-9B17-758AB3229C71}.Debug|Any CPU.Build.0 = Debug|Any CPU
		{A3376226-23E1-4EA1-9B17-758AB3229C71}.Debug|x86.ActiveCfg = Debug|Any CPU
		{A3376226-23E1-4EA1-9B17-758AB3229C71}.Debug|x86.Build.0 = Debug|Any CPU
		{A3376226-23E1-4EA1-9B17-758AB3229C71}.Release|Any CPU.ActiveCfg = Release|Any CPU
		{A3376226-23E1-4EA1-9B17-758AB3229C71}.Release|Any CPU.Build.0 = Release|Any CPU
		{A3376226-23E1-4EA1-9B17-758AB3229C71}.Release|x86.ActiveCfg = Release|Any CPU
		{A3376226-23E1-4EA1-9B17-758AB3229C71}.Release|x86.Build.0 = Release|Any CPU
		{76BA417D-DC90-4828-9CC9-13ADEDD54D78}.Debug|Any CPU.ActiveCfg = Debug|Any CPU
		{76BA417D-DC90-4828-9CC9-13ADEDD54D78}.Debug|Any CPU.Build.0 = Debug|Any CPU
		{76BA417D-DC90-4828-9CC9-13ADEDD54D78}.Debug|x86.ActiveCfg = Debug|Any CPU
		{76BA417D-DC90-4828-9CC9-13ADEDD54D78}.Debug|x86.Build.0 = Debug|Any CPU
		{76BA417D-DC90-4828-9CC9-13ADEDD54D78}.Release|Any CPU.ActiveCfg = Release|Any CPU
		{76BA417D-DC90-4828-9CC9-13ADEDD54D78}.Release|Any CPU.Build.0 = Release|Any CPU
		{76BA417D-DC90-4828-9CC9-13ADEDD54D78}.Release|x86.ActiveCfg = Release|Any CPU
		{76BA417D-DC90-4828-9CC9-13ADEDD54D78}.Release|x86.Build.0 = Release|Any CPU
	EndGlobalSection
	GlobalSection(SolutionProperties) = preSolution
		HideSolutionNode = FALSE
	EndGlobalSection
	GlobalSection(NestedProjects) = preSolution
		{19F004B2-7F42-47CF-B807-57C038DC6E14} = {ACB0AB3F-CCFB-4D42-B6CF-9117772A318C}
		{C987DE88-6793-4A84-A325-19DBD8962E3D} = {ACB0AB3F-CCFB-4D42-B6CF-9117772A318C}
		{BB76B997-52E4-4E5E-B62F-DC34070AC6F7} = {ACB0AB3F-CCFB-4D42-B6CF-9117772A318C}
		{45B8F832-8E33-4207-A0F0-37F45F0CF6C7} = {ACB0AB3F-CCFB-4D42-B6CF-9117772A318C}
		{AE9DBBBF-74B6-4FBF-9F62-391102F991F5} = {ACB0AB3F-CCFB-4D42-B6CF-9117772A318C}
		{C4138C9D-7E92-43AE-B47C-8B979C11AFDA} = {ACB0AB3F-CCFB-4D42-B6CF-9117772A318C}
		{531295EE-04A0-4C49-A3F6-D097549BB567} = {ACB0AB3F-CCFB-4D42-B6CF-9117772A318C}
		{BA7B847C-A8E6-4B7F-9499-051E3B75AD7F} = {ACB0AB3F-CCFB-4D42-B6CF-9117772A318C}
		{C8E835F2-173C-4739-9010-2CE731276730} = {ACB0AB3F-CCFB-4D42-B6CF-9117772A318C}
		{D8CA68F5-F9AC-45AA-8E55-F694FB4A9E5D} = {ACB0AB3F-CCFB-4D42-B6CF-9117772A318C}
		{A1D41C68-5CA4-4E3A-8B32-27C41017B8A5} = {ACB0AB3F-CCFB-4D42-B6CF-9117772A318C}
		{DEF9B3AA-BFBC-4EAE-AAFD-EFB020D72A2F} = {ACB0AB3F-CCFB-4D42-B6CF-9117772A318C}
		{1666A6E3-1C18-4A12-9D2F-4C09262E1EDA} = {ACB0AB3F-CCFB-4D42-B6CF-9117772A318C}
		{688820AE-67C1-4843-BA73-61E6562B22C8} = {ACB0AB3F-CCFB-4D42-B6CF-9117772A318C}
		{947CEF5A-5D81-477F-AC76-3F573FAED157} = {ACB0AB3F-CCFB-4D42-B6CF-9117772A318C}
		{BDA7DC4F-AFD7-4286-B925-997570604EF1} = {ACB0AB3F-CCFB-4D42-B6CF-9117772A318C}
		{3501974D-4126-40F2-AED3-54C99973ED63} = {ACB0AB3F-CCFB-4D42-B6CF-9117772A318C}
		{9AF71133-F27D-47C1-A035-F880E3EF238C} = {28E343F7-3C80-4411-88E5-BC32205BAEEA}
		{08EB39A3-C3EC-48DA-824B-7E9E8F078D17} = {28E343F7-3C80-4411-88E5-BC32205BAEEA}
		{54C99E6F-E1BF-40BD-9F89-81541E951C9D} = {28E343F7-3C80-4411-88E5-BC32205BAEEA}
		{DC63409A-A066-4375-B9AC-BE18F39A194A} = {28E343F7-3C80-4411-88E5-BC32205BAEEA}
		{086E20B3-0BC3-41E1-8D3A-CB28D491204D} = {0D56679F-A27B-438C-9656-49BF62D090A4}
		{A3376226-23E1-4EA1-9B17-758AB3229C71} = {0D56679F-A27B-438C-9656-49BF62D090A4}
		{76BA417D-DC90-4828-9CC9-13ADEDD54D78} = {0D56679F-A27B-438C-9656-49BF62D090A4}
	EndGlobalSection
EndGlobal
